
Microsoft Visual Studio Solution File, Format Version 12.00
# Visual Studio Version 17
VisualStudioVersion = 17.0.31606.5
MinimumVisualStudioVersion = 10.0.40219.1
Project("{9A19103F-16F7-4668-BE54-9A1E7A4F7556}") = "BangumiData", "Source\BangumiData\BangumiData.csproj", "{440BA6D0-FAD2-42DF-8B89-885D120016EE}"
EndProject
Project("{9A19103F-16F7-4668-BE54-9A1E7A4F7556}") = "BangumiData.UnitTest", "Source\BangumiData.UnitTest\BangumiData.UnitTest.csproj", "{CCA8944B-FAEC-4849-B502-1EBCEB15A655}"
EndProject
Project("{2150E333-8FDC-42A3-9474-1A3956D46DE8}") = "Solution Items", "Solution Items", "{49C085A4-74E1-4C72-BA24-F187F809853E}"
	ProjectSection(SolutionItems) = preProject
		azure-pipelines.yml = azure-pipelines.yml
		Directory.Build.props = Directory.Build.props
		README.md = README.md
	EndProjectSection
EndProject
Global
	GlobalSection(SolutionConfigurationPlatforms) = preSolution
		Debug|Any CPU = Debug|Any CPU
		Release|Any CPU = Release|Any CPU
	EndGlobalSection
	GlobalSection(ProjectConfigurationPlatforms) = postSolution
		{440BA6D0-FAD2-42DF-8B89-885D120016EE}.Debug|Any CPU.ActiveCfg = Debug|Any CPU
		{440BA6D0-FAD2-42DF-8B89-885D120016EE}.Debug|Any CPU.Build.0 = Debug|Any CPU
		{440BA6D0-FAD2-42DF-8B89-885D120016EE}.Release|Any CPU.ActiveCfg = Release|Any CPU
		{440BA6D0-FAD2-42DF-8B89-885D120016EE}.Release|Any CPU.Build.0 = Release|Any CPU
		{CCA8944B-FAEC-4849-B502-1EBCEB15A655}.Debug|Any CPU.ActiveCfg = Debug|Any CPU
		{CCA8944B-FAEC-4849-B502-1EBCEB15A655}.Debug|Any CPU.Build.0 = Debug|Any CPU
		{CCA8944B-FAEC-4849-B502-1EBCEB15A655}.Release|Any CPU.ActiveCfg = Release|Any CPU
		{CCA8944B-FAEC-4849-B502-1EBCEB15A655}.Release|Any CPU.Build.0 = Release|Any CPU
	EndGlobalSection
	GlobalSection(SolutionProperties) = preSolution
		HideSolutionNode = FALSE
	EndGlobalSection
	GlobalSection(ExtensibilityGlobals) = postSolution
		SolutionGuid = {781DD4BA-6380-46EA-8A5A-A83EFD0470EE}
	EndGlobalSection
EndGlobal
